
Microsoft Visual Studio Solution File, Format Version 12.00
# Visual Studio Version 17
VisualStudioVersion = 17.3.32825.248
MinimumVisualStudioVersion = 10.0.40219.1
Project("{FAE04EC0-301F-11D3-BF4B-00C04F79EFBC}") = "DAM_Lab07.Android", "DAM_Lab07\DAM_Lab07.Android\DAM_Lab07.Android.csproj", "{E4DBF1A5-1596-48D6-A236-0DB784BD208C}"
EndProject
Project("{FAE04EC0-301F-11D3-BF4B-00C04F79EFBC}") = "DAM_Lab07.iOS", "DAM_Lab07\DAM_Lab07.iOS\DAM_Lab07.iOS.csproj", "{28E2D2A3-7D72-4FDC-9368-F07DFECB5B3B}"
EndProject
Project("{FAE04EC0-301F-11D3-BF4B-00C04F79EFBC}") = "DAM_Lab07", "DAM_Lab07\DAM_Lab07\DAM_Lab07.csproj", "{BECAB371-5A39-42F7-A5D3-7FCE90D65283}"
EndProject
Global
	GlobalSection(SolutionConfigurationPlatforms) = preSolution
		Debug|Any CPU = Debug|Any CPU
		Debug|iPhone = Debug|iPhone
		Debug|iPhoneSimulator = Debug|iPhoneSimulator
		Release|Any CPU = Release|Any CPU
		Release|iPhone = Release|iPhone
		Release|iPhoneSimulator = Release|iPhoneSimulator
	EndGlobalSection
	GlobalSection(ProjectConfigurationPlatforms) = postSolution
		{E4DBF1A5-1596-48D6-A236-0DB784BD208C}.Debug|Any CPU.ActiveCfg = Debug|Any CPU
		{E4DBF1A5-1596-48D6-A236-0DB784BD208C}.Debug|Any CPU.Build.0 = Debug|Any CPU
		{E4DBF1A5-1596-48D6-A236-0DB784BD208C}.Debug|Any CPU.Deploy.0 = Debug|Any CPU
		{E4DBF1A5-1596-48D6-A236-0DB784BD208C}.Debug|iPhone.ActiveCfg = Debug|Any CPU
		{E4DBF1A5-1596-48D6-A236-0DB784BD208C}.Debug|iPhone.Build.0 = Debug|Any CPU
		{E4DBF1A5-1596-48D6-A236-0DB784BD208C}.Debug|iPhone.Deploy.0 = Debug|Any CPU
		{E4DBF1A5-1596-48D6-A236-0DB784BD208C}.Debug|iPhoneSimulator.ActiveCfg = Debug|Any CPU
		{E4DBF1A5-1596-48D6-A236-0DB784BD208C}.Debug|iPhoneSimulator.Build.0 = Debug|Any CPU
		{E4DBF1A5-1596-48D6-A236-0DB784BD208C}.Debug|iPhoneSimulator.Deploy.0 = Debug|Any CPU
		{E4DBF1A5-1596-48D6-A236-0DB784BD208C}.Release|Any CPU.ActiveCfg = Release|Any CPU
		{E4DBF1A5-1596-48D6-A236-0DB784BD208C}.Release|Any CPU.Build.0 = Release|Any CPU
		{E4DBF1A5-1596-48D6-A236-0DB784BD208C}.Release|Any CPU.Deploy.0 = Release|Any CPU
		{E4DBF1A5-1596-48D6-A236-0DB784BD208C}.Release|iPhone.ActiveCfg = Release|Any CPU
		{E4DBF1A5-1596-48D6-A236-0DB784BD208C}.Release|iPhone.Build.0 = Release|Any CPU
		{E4DBF1A5-1596-48D6-A236-0DB784BD208C}.Release|iPhone.Deploy.0 = Release|Any CPU
		{E4DBF1A5-1596-48D6-A236-0DB784BD208C}.Release|iPhoneSimulator.ActiveCfg = Release|Any CPU
		{E4DBF1A5-1596-48D6-A236-0DB784BD208C}.Release|iPhoneSimulator.Build.0 = Release|Any CPU
		{E4DBF1A5-1596-48D6-A236-0DB784BD208C}.Release|iPhoneSimulator.Deploy.0 = Release|Any CPU
		{28E2D2A3-7D72-4FDC-9368-F07DFECB5B3B}.Debug|Any CPU.ActiveCfg = Debug|iPhone
		{28E2D2A3-7D72-4FDC-9368-F07DFECB5B3B}.Debug|Any CPU.Build.0 = Debug|iPhone
		{28E2D2A3-7D72-4FDC-9368-F07DFECB5B3B}.Debug|Any CPU.Deploy.0 = Debug|iPhone
		{28E2D2A3-7D72-4FDC-9368-F07DFECB5B3B}.Debug|iPhone.ActiveCfg = Debug|iPhone
		{28E2D2A3-7D72-4FDC-9368-F07DFECB5B3B}.Debug|iPhone.Build.0 = Debug|iPhone
		{28E2D2A3-7D72-4FDC-9368-F07DFECB5B3B}.Debug|iPhone.Deploy.0 = Debug|iPhone
		{28E2D2A3-7D72-4FDC-9368-F07DFECB5B3B}.Debug|iPhoneSimulator.ActiveCfg = Debug|iPhoneSimulator
		{28E2D2A3-7D72-4FDC-9368-F07DFECB5B3B}.Debug|iPhoneSimulator.Build.0 = Debug|iPhoneSimulator
		{28E2D2A3-7D72-4FDC-9368-F07DFECB5B3B}.Debug|iPhoneSimulator.Deploy.0 = Debug|iPhoneSimulator
		{28E2D2A3-7D72-4FDC-9368-F07DFECB5B3B}.Release|Any CPU.ActiveCfg = Release|iPhoneSimulator
		{28E2D2A3-7D72-4FDC-9368-F07DFECB5B3B}.Release|Any CPU.Build.0 = Release|iPhoneSimulator
		{28E2D2A3-7D72-4FDC-9368-F07DFECB5B3B}.Release|Any CPU.Deploy.0 = Release|iPhoneSimulator
		{28E2D2A3-7D72-4FDC-9368-F07DFECB5B3B}.Release|iPhone.ActiveCfg = Release|iPhone
		{28E2D2A3-7D72-4FDC-9368-F07DFECB5B3B}.Release|iPhone.Build.0 = Release|iPhone
		{28E2D2A3-7D72-4FDC-9368-F07DFECB5B3B}.Release|iPhone.Deploy.0 = Release|iPhone
		{28E2D2A3-7D72-4FDC-9368-F07DFECB5B3B}.Release|iPhoneSimulator.ActiveCfg = Release|iPhoneSimulator
		{28E2D2A3-7D72-4FDC-9368-F07DFECB5B3B}.Release|iPhoneSimulator.Build.0 = Release|iPhoneSimulator
		{28E2D2A3-7D72-4FDC-9368-F07DFECB5B3B}.Release|iPhoneSimulator.Deploy.0 = Release|iPhoneSimulator
		{BECAB371-5A39-42F7-A5D3-7FCE90D65283}.Debug|Any CPU.ActiveCfg = Debug|Any CPU
		{BECAB371-5A39-42F7-A5D3-7FCE90D65283}.Debug|Any CPU.Build.0 = Debug|Any CPU
		{BECAB371-5A39-42F7-A5D3-7FCE90D65283}.Debug|Any CPU.Deploy.0 = Debug|Any CPU
		{BECAB371-5A39-42F7-A5D3-7FCE90D65283}.Debug|iPhone.ActiveCfg = Debug|Any CPU
		{BECAB371-5A39-42F7-A5D3-7FCE90D65283}.Debug|iPhone.Build.0 = Debug|Any CPU
		{BECAB371-5A39-42F7-A5D3-7FCE90D65283}.Debug|iPhone.Deploy.0 = Debug|Any CPU
		{BECAB371-5A39-42F7-A5D3-7FCE90D65283}.Debug|iPhoneSimulator.ActiveCfg = Debug|Any CPU
		{BECAB371-5A39-42F7-A5D3-7FCE90D65283}.Debug|iPhoneSimulator.Build.0 = Debug|Any CPU
		{BECAB371-5A39-42F7-A5D3-7FCE90D65283}.Debug|iPhoneSimulator.Deploy.0 = Debug|Any CPU
		{BECAB371-5A39-42F7-A5D3-7FCE90D65283}.Release|Any CPU.ActiveCfg = Release|Any CPU
		{BECAB371-5A39-42F7-A5D3-7FCE90D65283}.Release|Any CPU.Build.0 = Release|Any CPU
		{BECAB371-5A39-42F7-A5D3-7FCE90D65283}.Release|Any CPU.Deploy.0 = Release|Any CPU
		{BECAB371-5A39-42F7-A5D3-7FCE90D65283}.Release|iPhone.ActiveCfg = Release|Any CPU
		{BECAB371-5A39-42F7-A5D3-7FCE90D65283}.Release|iPhone.Build.0 = Release|Any CPU
		{BECAB371-5A39-42F7-A5D3-7FCE90D65283}.Release|iPhone.Deploy.0 = Release|Any CPU
		{BECAB371-5A39-42F7-A5D3-7FCE90D65283}.Release|iPhoneSimulator.ActiveCfg = Release|Any CPU
		{BECAB371-5A39-42F7-A5D3-7FCE90D65283}.Release|iPhoneSimulator.Build.0 = Release|Any CPU
		{BECAB371-5A39-42F7-A5D3-7FCE90D65283}.Release|iPhoneSimulator.Deploy.0 = Release|Any CPU
	EndGlobalSection
	GlobalSection(SolutionProperties) = preSolution
		HideSolutionNode = FALSE
	EndGlobalSection
	GlobalSection(ExtensibilityGlobals) = postSolution
		SolutionGuid = {C6D4B62D-2381-45C9-A124-A4C4C8CC499B}
	EndGlobalSection
EndGlobal
